// !$*UTF8*$!
{
	archiveVersion = 1;
	classes = {
	};
	objectVersion = 46;
	objects = {

/* Begin PBXBuildFile section */
		37DCE0A1CA9978496F9FA4A6 /* Pods_daagTests.framework in Frameworks */ = {isa = PBXBuildFile; fileRef = DE8B0572BE35C91212EBC9C5 /* Pods_daagTests.framework */; };
		78906FDA7929153849604D81 /* Pods_daagUITests.framework in Frameworks */ = {isa = PBXBuildFile; fileRef = 2EF6570579597F3AA6EBA1AF /* Pods_daagUITests.framework */; };
		8C08F6BDE69450EA7F155EA2 /* Pods_daag.framework in Frameworks */ = {isa = PBXBuildFile; fileRef = 50E9E5F57ABBED85871F193C /* Pods_daag.framework */; settings = {ATTRIBUTES = (Weak, ); }; };
		DB2497C51BA087710090DBE7 /* CharacterUtil.swift in Sources */ = {isa = PBXBuildFile; fileRef = DB2497C41BA087710090DBE7 /* CharacterUtil.swift */; };
		DB4E268A1BA099C700DF95CB /* LaunchScreen.xib in Resources */ = {isa = PBXBuildFile; fileRef = DB4E26891BA099C700DF95CB /* LaunchScreen.xib */; };
		DB6175871B88BDEF005EC720 /* Menu.storyboard in Resources */ = {isa = PBXBuildFile; fileRef = DB6175861B88BDEF005EC720 /* Menu.storyboard */; };
		DB61758B1B88BE4D005EC720 /* Menu.swift in Sources */ = {isa = PBXBuildFile; fileRef = DB6175881B88BE4D005EC720 /* Menu.swift */; };
		DB61758D1B88BE4D005EC720 /* MenuViewController.swift in Sources */ = {isa = PBXBuildFile; fileRef = DB61758A1B88BE4D005EC720 /* MenuViewController.swift */; };
		DB61758F1B88BE73005EC720 /* MenuCell.swift in Sources */ = {isa = PBXBuildFile; fileRef = DB61758E1B88BE73005EC720 /* MenuCell.swift */; };
		DB6175911B88BEEF005EC720 /* HealthKit.framework in Frameworks */ = {isa = PBXBuildFile; fileRef = DB6175901B88BEEF005EC720 /* HealthKit.framework */; };
		DB6175961B88BFF2005EC720 /* EmptyMenu.xib in Resources */ = {isa = PBXBuildFile; fileRef = DB6175951B88BFF2005EC720 /* EmptyMenu.xib */; };
		DB7D52C81B88BD5F001816C2 /* AppDelegate.swift in Sources */ = {isa = PBXBuildFile; fileRef = DB7D52C71B88BD5F001816C2 /* AppDelegate.swift */; };
		DB7D52CF1B88BD5F001816C2 /* Images.xcassets in Resources */ = {isa = PBXBuildFile; fileRef = DB7D52CE1B88BD5F001816C2 /* Images.xcassets */; };
		DB7D52DD1B88BD5F001816C2 /* daagTests.swift in Sources */ = {isa = PBXBuildFile; fileRef = DB7D52DC1B88BD5F001816C2 /* daagTests.swift */; };
		DB7D52E81B88BD5F001816C2 /* daagUITests.swift in Sources */ = {isa = PBXBuildFile; fileRef = DB7D52E71B88BD5F001816C2 /* daagUITests.swift */; };
/* End PBXBuildFile section */

/* Begin PBXContainerItemProxy section */
		DB7D52D91B88BD5F001816C2 /* PBXContainerItemProxy */ = {
			isa = PBXContainerItemProxy;
			containerPortal = DB7D52BC1B88BD5F001816C2 /* Project object */;
			proxyType = 1;
			remoteGlobalIDString = DB7D52C31B88BD5F001816C2;
			remoteInfo = daag;
		};
		DB7D52E41B88BD5F001816C2 /* PBXContainerItemProxy */ = {
			isa = PBXContainerItemProxy;
			containerPortal = DB7D52BC1B88BD5F001816C2 /* Project object */;
			proxyType = 1;
			remoteGlobalIDString = DB7D52C31B88BD5F001816C2;
			remoteInfo = daag;
		};
/* End PBXContainerItemProxy section */

/* Begin PBXFileReference section */
		15158424B4A820DF9634FB89 /* Pods-daag.release.xcconfig */ = {isa = PBXFileReference; includeInIndex = 1; lastKnownFileType = text.xcconfig; name = "Pods-daag.release.xcconfig"; path = "Pods/Target Support Files/Pods-daag/Pods-daag.release.xcconfig"; sourceTree = "<group>"; };
		2EF6570579597F3AA6EBA1AF /* Pods_daagUITests.framework */ = {isa = PBXFileReference; explicitFileType = wrapper.framework; includeInIndex = 0; path = Pods_daagUITests.framework; sourceTree = BUILT_PRODUCTS_DIR; };
		3377DB9760523614C63B3846 /* Pods-daagTests.debug.xcconfig */ = {isa = PBXFileReference; includeInIndex = 1; lastKnownFileType = text.xcconfig; name = "Pods-daagTests.debug.xcconfig"; path = "Pods/Target Support Files/Pods-daagTests/Pods-daagTests.debug.xcconfig"; sourceTree = "<group>"; };
		3553128002A9C375367A7012 /* Pods-daagUITests.release.xcconfig */ = {isa = PBXFileReference; includeInIndex = 1; lastKnownFileType = text.xcconfig; name = "Pods-daagUITests.release.xcconfig"; path = "Pods/Target Support Files/Pods-daagUITests/Pods-daagUITests.release.xcconfig"; sourceTree = "<group>"; };
		50E9E5F57ABBED85871F193C /* Pods_daag.framework */ = {isa = PBXFileReference; explicitFileType = wrapper.framework; includeInIndex = 0; path = Pods_daag.framework; sourceTree = BUILT_PRODUCTS_DIR; };
		64DAE99F2E43E1F5ECBDCAF6 /* Pods-daagTests.release.xcconfig */ = {isa = PBXFileReference; includeInIndex = 1; lastKnownFileType = text.xcconfig; name = "Pods-daagTests.release.xcconfig"; path = "Pods/Target Support Files/Pods-daagTests/Pods-daagTests.release.xcconfig"; sourceTree = "<group>"; };
		705A3A0757B7644AD6F5D05A /* Pods-daagUITests.debug.xcconfig */ = {isa = PBXFileReference; includeInIndex = 1; lastKnownFileType = text.xcconfig; name = "Pods-daagUITests.debug.xcconfig"; path = "Pods/Target Support Files/Pods-daagUITests/Pods-daagUITests.debug.xcconfig"; sourceTree = "<group>"; };
		8E79DFCE22F40353F1D85002 /* Pods-daag.debug.xcconfig */ = {isa = PBXFileReference; includeInIndex = 1; lastKnownFileType = text.xcconfig; name = "Pods-daag.debug.xcconfig"; path = "Pods/Target Support Files/Pods-daag/Pods-daag.debug.xcconfig"; sourceTree = "<group>"; };
		DB2497C41BA087710090DBE7 /* CharacterUtil.swift */ = {isa = PBXFileReference; fileEncoding = 4; lastKnownFileType = sourcecode.swift; path = CharacterUtil.swift; sourceTree = "<group>"; };
		DB4E26891BA099C700DF95CB /* LaunchScreen.xib */ = {isa = PBXFileReference; fileEncoding = 4; lastKnownFileType = file.xib; path = LaunchScreen.xib; sourceTree = "<group>"; };
		DB6175861B88BDEF005EC720 /* Menu.storyboard */ = {isa = PBXFileReference; fileEncoding = 4; lastKnownFileType = file.storyboard; path = Menu.storyboard; sourceTree = "<group>"; };
		DB6175881B88BE4D005EC720 /* Menu.swift */ = {isa = PBXFileReference; fileEncoding = 4; lastKnownFileType = sourcecode.swift; path = Menu.swift; sourceTree = "<group>"; };
		DB61758A1B88BE4D005EC720 /* MenuViewController.swift */ = {isa = PBXFileReference; fileEncoding = 4; lastKnownFileType = sourcecode.swift; path = MenuViewController.swift; sourceTree = "<group>"; };
		DB61758E1B88BE73005EC720 /* MenuCell.swift */ = {isa = PBXFileReference; fileEncoding = 4; lastKnownFileType = sourcecode.swift; path = MenuCell.swift; sourceTree = "<group>"; };
		DB6175901B88BEEF005EC720 /* HealthKit.framework */ = {isa = PBXFileReference; lastKnownFileType = wrapper.framework; name = HealthKit.framework; path = System/Library/Frameworks/HealthKit.framework; sourceTree = SDKROOT; };
		DB6175921B88BEEF005EC720 /* daag.entitlements */ = {isa = PBXFileReference; lastKnownFileType = text.xml; path = daag.entitlements; sourceTree = "<group>"; };
		DB6175951B88BFF2005EC720 /* EmptyMenu.xib */ = {isa = PBXFileReference; fileEncoding = 4; lastKnownFileType = file.xib; path = EmptyMenu.xib; sourceTree = "<group>"; };
		DB6175971B8A0416005EC720 /* Alamofire.framework */ = {isa = PBXFileReference; lastKnownFileType = wrapper.framework; name = Alamofire.framework; path = "Pods/../build/Debug-iphoneos/Pods-daag/Alamofire.framework"; sourceTree = "<group>"; };
		DB6175981B8A0416005EC720 /* SDWebImage.framework */ = {isa = PBXFileReference; lastKnownFileType = wrapper.framework; name = SDWebImage.framework; path = "Pods/../build/Debug-iphoneos/Pods-daag/SDWebImage.framework"; sourceTree = "<group>"; };
		DB6175991B8A0416005EC720 /* SwiftyJSON.framework */ = {isa = PBXFileReference; lastKnownFileType = wrapper.framework; name = SwiftyJSON.framework; path = "Pods/../build/Debug-iphoneos/Pods-daag/SwiftyJSON.framework"; sourceTree = "<group>"; };
		DB7D52C41B88BD5F001816C2 /* daag.app */ = {isa = PBXFileReference; explicitFileType = wrapper.application; includeInIndex = 0; path = daag.app; sourceTree = BUILT_PRODUCTS_DIR; };
		DB7D52C71B88BD5F001816C2 /* AppDelegate.swift */ = {isa = PBXFileReference; lastKnownFileType = sourcecode.swift; path = AppDelegate.swift; sourceTree = "<group>"; };
		DB7D52CE1B88BD5F001816C2 /* Images.xcassets */ = {isa = PBXFileReference; lastKnownFileType = folder.assetcatalog; path = Images.xcassets; sourceTree = "<group>"; };
		DB7D52D31B88BD5F001816C2 /* Info.plist */ = {isa = PBXFileReference; lastKnownFileType = text.plist.xml; path = Info.plist; sourceTree = "<group>"; };
		DB7D52D81B88BD5F001816C2 /* daagTests.xctest */ = {isa = PBXFileReference; explicitFileType = wrapper.cfbundle; includeInIndex = 0; path = daagTests.xctest; sourceTree = BUILT_PRODUCTS_DIR; };
		DB7D52DC1B88BD5F001816C2 /* daagTests.swift */ = {isa = PBXFileReference; lastKnownFileType = sourcecode.swift; path = daagTests.swift; sourceTree = "<group>"; };
		DB7D52DE1B88BD5F001816C2 /* Info.plist */ = {isa = PBXFileReference; lastKnownFileType = text.plist.xml; path = Info.plist; sourceTree = "<group>"; };
		DB7D52E31B88BD5F001816C2 /* daagUITests.xctest */ = {isa = PBXFileReference; explicitFileType = wrapper.cfbundle; includeInIndex = 0; path = daagUITests.xctest; sourceTree = BUILT_PRODUCTS_DIR; };
		DB7D52E71B88BD5F001816C2 /* daagUITests.swift */ = {isa = PBXFileReference; lastKnownFileType = sourcecode.swift; path = daagUITests.swift; sourceTree = "<group>"; };
		DB7D52E91B88BD5F001816C2 /* Info.plist */ = {isa = PBXFileReference; lastKnownFileType = text.plist.xml; path = Info.plist; sourceTree = "<group>"; };
		DE8B0572BE35C91212EBC9C5 /* Pods_daagTests.framework */ = {isa = PBXFileReference; explicitFileType = wrapper.framework; includeInIndex = 0; path = Pods_daagTests.framework; sourceTree = BUILT_PRODUCTS_DIR; };
/* End PBXFileReference section */

/* Begin PBXFrameworksBuildPhase section */
		DB7D52C11B88BD5F001816C2 /* Frameworks */ = {
			isa = PBXFrameworksBuildPhase;
			buildActionMask = 2147483647;
			files = (
				8C08F6BDE69450EA7F155EA2 /* Pods_daag.framework in Frameworks */,
				DB6175911B88BEEF005EC720 /* HealthKit.framework in Frameworks */,
			);
			runOnlyForDeploymentPostprocessing = 0;
		};
		DB7D52D51B88BD5F001816C2 /* Frameworks */ = {
			isa = PBXFrameworksBuildPhase;
			buildActionMask = 2147483647;
			files = (
				37DCE0A1CA9978496F9FA4A6 /* Pods_daagTests.framework in Frameworks */,
			);
			runOnlyForDeploymentPostprocessing = 0;
		};
		DB7D52E01B88BD5F001816C2 /* Frameworks */ = {
			isa = PBXFrameworksBuildPhase;
			buildActionMask = 2147483647;
			files = (
				78906FDA7929153849604D81 /* Pods_daagUITests.framework in Frameworks */,
			);
			runOnlyForDeploymentPostprocessing = 0;
		};
/* End PBXFrameworksBuildPhase section */

/* Begin PBXGroup section */
		A6DB7E1338D32ED3409B8A61 /* Pods */ = {
			isa = PBXGroup;
			children = (
				8E79DFCE22F40353F1D85002 /* Pods-daag.debug.xcconfig */,
				15158424B4A820DF9634FB89 /* Pods-daag.release.xcconfig */,
				3377DB9760523614C63B3846 /* Pods-daagTests.debug.xcconfig */,
				64DAE99F2E43E1F5ECBDCAF6 /* Pods-daagTests.release.xcconfig */,
				705A3A0757B7644AD6F5D05A /* Pods-daagUITests.debug.xcconfig */,
				3553128002A9C375367A7012 /* Pods-daagUITests.release.xcconfig */,
			);
			name = Pods;
			sourceTree = "<group>";
		};
		DB2497C21BA087490090DBE7 /* component */ = {
			isa = PBXGroup;
			children = (
				DB2497C31BA0875C0090DBE7 /* utility */,
			);
			name = component;
			sourceTree = "<group>";
		};
		DB2497C31BA0875C0090DBE7 /* utility */ = {
			isa = PBXGroup;
			children = (
				DB2497C41BA087710090DBE7 /* CharacterUtil.swift */,
			);
			name = utility;
			sourceTree = "<group>";
		};
		DB6175851B88BDAC005EC720 /* menu */ = {
			isa = PBXGroup;
			children = (
				DB6175861B88BDEF005EC720 /* Menu.storyboard */,
				DB6175881B88BE4D005EC720 /* Menu.swift */,
				DB61758A1B88BE4D005EC720 /* MenuViewController.swift */,
				DB61758E1B88BE73005EC720 /* MenuCell.swift */,
				DB6175951B88BFF2005EC720 /* EmptyMenu.xib */,
			);
			name = menu;
			sourceTree = "<group>";
		};
		DB7D52BB1B88BD5F001816C2 = {
			isa = PBXGroup;
			children = (
				DB7D52C61B88BD5F001816C2 /* daag */,
				DB7D52DB1B88BD5F001816C2 /* daagTests */,
				DB7D52E61B88BD5F001816C2 /* daagUITests */,
				DB7D52C51B88BD5F001816C2 /* Products */,
				A6DB7E1338D32ED3409B8A61 /* Pods */,
				DDBDC1E29722E2A3F48C6378 /* Frameworks */,
			);
			sourceTree = "<group>";
		};
		DB7D52C51B88BD5F001816C2 /* Products */ = {
			isa = PBXGroup;
			children = (
				DB7D52C41B88BD5F001816C2 /* daag.app */,
				DB7D52D81B88BD5F001816C2 /* daagTests.xctest */,
				DB7D52E31B88BD5F001816C2 /* daagUITests.xctest */,
			);
			name = Products;
			sourceTree = "<group>";
		};
		DB7D52C61B88BD5F001816C2 /* daag */ = {
			isa = PBXGroup;
			children = (
				DB2497C21BA087490090DBE7 /* component */,
				DB6175921B88BEEF005EC720 /* daag.entitlements */,
				DB6175851B88BDAC005EC720 /* menu */,
				DB7D52C71B88BD5F001816C2 /* AppDelegate.swift */,
				DB7D52CE1B88BD5F001816C2 /* Images.xcassets */,
				DB7D52D31B88BD5F001816C2 /* Info.plist */,
				DB4E26891BA099C700DF95CB /* LaunchScreen.xib */,
			);
			path = daag;
			sourceTree = "<group>";
		};
		DB7D52DB1B88BD5F001816C2 /* daagTests */ = {
			isa = PBXGroup;
			children = (
				DB7D52DC1B88BD5F001816C2 /* daagTests.swift */,
				DB7D52DE1B88BD5F001816C2 /* Info.plist */,
			);
			path = daagTests;
			sourceTree = "<group>";
		};
		DB7D52E61B88BD5F001816C2 /* daagUITests */ = {
			isa = PBXGroup;
			children = (
				DB7D52E71B88BD5F001816C2 /* daagUITests.swift */,
				DB7D52E91B88BD5F001816C2 /* Info.plist */,
			);
			path = daagUITests;
			sourceTree = "<group>";
		};
		DDBDC1E29722E2A3F48C6378 /* Frameworks */ = {
			isa = PBXGroup;
			children = (
				DB6175971B8A0416005EC720 /* Alamofire.framework */,
				DB6175981B8A0416005EC720 /* SDWebImage.framework */,
				DB6175991B8A0416005EC720 /* SwiftyJSON.framework */,
				DB6175901B88BEEF005EC720 /* HealthKit.framework */,
				50E9E5F57ABBED85871F193C /* Pods_daag.framework */,
				DE8B0572BE35C91212EBC9C5 /* Pods_daagTests.framework */,
				2EF6570579597F3AA6EBA1AF /* Pods_daagUITests.framework */,
			);
			name = Frameworks;
			sourceTree = "<group>";
		};
/* End PBXGroup section */

/* Begin PBXNativeTarget section */
		DB7D52C31B88BD5F001816C2 /* daag */ = {
			isa = PBXNativeTarget;
			buildConfigurationList = DB7D52EC1B88BD5F001816C2 /* Build configuration list for PBXNativeTarget "daag" */;
			buildPhases = (
				3316FEF76A2981A4A6E63DB6 /* [CP] Check Pods Manifest.lock */,
				DB7D52C01B88BD5F001816C2 /* Sources */,
				DB7D52C11B88BD5F001816C2 /* Frameworks */,
				DB7D52C21B88BD5F001816C2 /* Resources */,
				910F2F2F061B844B113537C4 /* [CP] Embed Pods Frameworks */,
				F14184E960948CBDD8934126 /* [CP] Copy Pods Resources */,
			);
			buildRules = (
			);
			dependencies = (
			);
			name = daag;
			productName = daag;
			productReference = DB7D52C41B88BD5F001816C2 /* daag.app */;
			productType = "com.apple.product-type.application";
		};
		DB7D52D71B88BD5F001816C2 /* daagTests */ = {
			isa = PBXNativeTarget;
			buildConfigurationList = DB7D52EF1B88BD5F001816C2 /* Build configuration list for PBXNativeTarget "daagTests" */;
			buildPhases = (
				52C08618A510FB1BC5EE68A0 /* [CP] Check Pods Manifest.lock */,
				DB7D52D41B88BD5F001816C2 /* Sources */,
				DB7D52D51B88BD5F001816C2 /* Frameworks */,
				DB7D52D61B88BD5F001816C2 /* Resources */,
				A0923FF71038C41521345381 /* [CP] Embed Pods Frameworks */,
				B14FA06CD8047CC43546E863 /* [CP] Copy Pods Resources */,
			);
			buildRules = (
			);
			dependencies = (
				DB7D52DA1B88BD5F001816C2 /* PBXTargetDependency */,
			);
			name = daagTests;
			productName = daagTests;
			productReference = DB7D52D81B88BD5F001816C2 /* daagTests.xctest */;
			productType = "com.apple.product-type.bundle.unit-test";
		};
		DB7D52E21B88BD5F001816C2 /* daagUITests */ = {
			isa = PBXNativeTarget;
			buildConfigurationList = DB7D52F21B88BD5F001816C2 /* Build configuration list for PBXNativeTarget "daagUITests" */;
			buildPhases = (
				86E7AB602DB87F2B1C3DC455 /* [CP] Check Pods Manifest.lock */,
				DB7D52DF1B88BD5F001816C2 /* Sources */,
				DB7D52E01B88BD5F001816C2 /* Frameworks */,
				DB7D52E11B88BD5F001816C2 /* Resources */,
				4F3659D5A09C21AB1729238F /* [CP] Embed Pods Frameworks */,
				0EC1DAE026F4529E90CD5460 /* [CP] Copy Pods Resources */,
			);
			buildRules = (
			);
			dependencies = (
				DB7D52E51B88BD5F001816C2 /* PBXTargetDependency */,
			);
			name = daagUITests;
			productName = daagUITests;
			productReference = DB7D52E31B88BD5F001816C2 /* daagUITests.xctest */;
			productType = "com.apple.product-type.bundle.ui-testing";
		};
/* End PBXNativeTarget section */

/* Begin PBXProject section */
		DB7D52BC1B88BD5F001816C2 /* Project object */ = {
			isa = PBXProject;
			attributes = {
				LastUpgradeCheck = 0700;
				ORGANIZATIONNAME = "Myungkyo Jung";
				TargetAttributes = {
					DB7D52C31B88BD5F001816C2 = {
						CreatedOnToolsVersion = 7.0;
						DevelopmentTeam = W49Z589W8G;
						LastSwiftMigration = 0800;
						SystemCapabilities = {
							com.apple.HealthKit = {
								enabled = 1;
							};
						};
					};
					DB7D52D71B88BD5F001816C2 = {
						CreatedOnToolsVersion = 7.0;
						LastSwiftMigration = 0800;
						TestTargetID = DB7D52C31B88BD5F001816C2;
					};
					DB7D52E21B88BD5F001816C2 = {
						CreatedOnToolsVersion = 7.0;
						LastSwiftMigration = 0800;
						TestTargetID = DB7D52C31B88BD5F001816C2;
					};
				};
			};
			buildConfigurationList = DB7D52BF1B88BD5F001816C2 /* Build configuration list for PBXProject "daag" */;
			compatibilityVersion = "Xcode 3.2";
			developmentRegion = English;
			hasScannedForEncodings = 0;
			knownRegions = (
				en,
				Base,
			);
			mainGroup = DB7D52BB1B88BD5F001816C2;
			productRefGroup = DB7D52C51B88BD5F001816C2 /* Products */;
			projectDirPath = "";
			projectRoot = "";
			targets = (
				DB7D52C31B88BD5F001816C2 /* daag */,
				DB7D52D71B88BD5F001816C2 /* daagTests */,
				DB7D52E21B88BD5F001816C2 /* daagUITests */,
			);
		};
/* End PBXProject section */

/* Begin PBXResourcesBuildPhase section */
		DB7D52C21B88BD5F001816C2 /* Resources */ = {
			isa = PBXResourcesBuildPhase;
			buildActionMask = 2147483647;
			files = (
				DB4E268A1BA099C700DF95CB /* LaunchScreen.xib in Resources */,
				DB7D52CF1B88BD5F001816C2 /* Images.xcassets in Resources */,
				DB6175961B88BFF2005EC720 /* EmptyMenu.xib in Resources */,
				DB6175871B88BDEF005EC720 /* Menu.storyboard in Resources */,
			);
			runOnlyForDeploymentPostprocessing = 0;
		};
		DB7D52D61B88BD5F001816C2 /* Resources */ = {
			isa = PBXResourcesBuildPhase;
			buildActionMask = 2147483647;
			files = (
			);
			runOnlyForDeploymentPostprocessing = 0;
		};
		DB7D52E11B88BD5F001816C2 /* Resources */ = {
			isa = PBXResourcesBuildPhase;
			buildActionMask = 2147483647;
			files = (
			);
			runOnlyForDeploymentPostprocessing = 0;
		};
/* End PBXResourcesBuildPhase section */

/* Begin PBXShellScriptBuildPhase section */
		0EC1DAE026F4529E90CD5460 /* [CP] Copy Pods Resources */ = {
			isa = PBXShellScriptBuildPhase;
			buildActionMask = 2147483647;
			files = (
			);
			inputPaths = (
			);
			name = "[CP] Copy Pods Resources";
			outputPaths = (
			);
			runOnlyForDeploymentPostprocessing = 0;
			shellPath = /bin/sh;
			shellScript = "\"${SRCROOT}/Pods/Target Support Files/Pods-daagUITests/Pods-daagUITests-resources.sh\"\n";
			showEnvVarsInLog = 0;
		};
		3316FEF76A2981A4A6E63DB6 /* [CP] Check Pods Manifest.lock */ = {
			isa = PBXShellScriptBuildPhase;
			buildActionMask = 2147483647;
			files = (
			);
			inputPaths = (
			);
			name = "[CP] Check Pods Manifest.lock";
			outputPaths = (
			);
			runOnlyForDeploymentPostprocessing = 0;
			shellPath = /bin/sh;
			shellScript = "diff \"${PODS_ROOT}/../Podfile.lock\" \"${PODS_ROOT}/Manifest.lock\" > /dev/null\nif [ $? != 0 ] ; then\n    # print error to STDERR\n    echo \"error: The sandbox is not in sync with the Podfile.lock. Run 'pod install' or update your CocoaPods installation.\" >&2\n    exit 1\nfi\n";
			showEnvVarsInLog = 0;
		};
		4F3659D5A09C21AB1729238F /* [CP] Embed Pods Frameworks */ = {
			isa = PBXShellScriptBuildPhase;
			buildActionMask = 2147483647;
			files = (
			);
			inputPaths = (
			);
			name = "[CP] Embed Pods Frameworks";
			outputPaths = (
			);
			runOnlyForDeploymentPostprocessing = 0;
			shellPath = /bin/sh;
			shellScript = "\"${SRCROOT}/Pods/Target Support Files/Pods-daagUITests/Pods-daagUITests-frameworks.sh\"\n";
			showEnvVarsInLog = 0;
		};
		52C08618A510FB1BC5EE68A0 /* [CP] Check Pods Manifest.lock */ = {
			isa = PBXShellScriptBuildPhase;
			buildActionMask = 2147483647;
			files = (
			);
			inputPaths = (
			);
			name = "[CP] Check Pods Manifest.lock";
			outputPaths = (
			);
			runOnlyForDeploymentPostprocessing = 0;
			shellPath = /bin/sh;
			shellScript = "diff \"${PODS_ROOT}/../Podfile.lock\" \"${PODS_ROOT}/Manifest.lock\" > /dev/null\nif [ $? != 0 ] ; then\n    # print error to STDERR\n    echo \"error: The sandbox is not in sync with the Podfile.lock. Run 'pod install' or update your CocoaPods installation.\" >&2\n    exit 1\nfi\n";
			showEnvVarsInLog = 0;
		};
		86E7AB602DB87F2B1C3DC455 /* [CP] Check Pods Manifest.lock */ = {
			isa = PBXShellScriptBuildPhase;
			buildActionMask = 2147483647;
			files = (
			);
			inputPaths = (
			);
			name = "[CP] Check Pods Manifest.lock";
			outputPaths = (
			);
			runOnlyForDeploymentPostprocessing = 0;
			shellPath = /bin/sh;
			shellScript = "diff \"${PODS_ROOT}/../Podfile.lock\" \"${PODS_ROOT}/Manifest.lock\" > /dev/null\nif [ $? != 0 ] ; then\n    # print error to STDERR\n    echo \"error: The sandbox is not in sync with the Podfile.lock. Run 'pod install' or update your CocoaPods installation.\" >&2\n    exit 1\nfi\n";
			showEnvVarsInLog = 0;
		};
		910F2F2F061B844B113537C4 /* [CP] Embed Pods Frameworks */ = {
			isa = PBXShellScriptBuildPhase;
			buildActionMask = 2147483647;
			files = (
			);
			inputPaths = (
			);
			name = "[CP] Embed Pods Frameworks";
			outputPaths = (
			);
			runOnlyForDeploymentPostprocessing = 0;
			shellPath = /bin/sh;
			shellScript = "\"${SRCROOT}/Pods/Target Support Files/Pods-daag/Pods-daag-frameworks.sh\"\n";
			showEnvVarsInLog = 0;
		};
		A0923FF71038C41521345381 /* [CP] Embed Pods Frameworks */ = {
			isa = PBXShellScriptBuildPhase;
			buildActionMask = 2147483647;
			files = (
			);
			inputPaths = (
			);
			name = "[CP] Embed Pods Frameworks";
			outputPaths = (
			);
			runOnlyForDeploymentPostprocessing = 0;
			shellPath = /bin/sh;
			shellScript = "\"${SRCROOT}/Pods/Target Support Files/Pods-daagTests/Pods-daagTests-frameworks.sh\"\n";
			showEnvVarsInLog = 0;
		};
		B14FA06CD8047CC43546E863 /* [CP] Copy Pods Resources */ = {
			isa = PBXShellScriptBuildPhase;
			buildActionMask = 2147483647;
			files = (
			);
			inputPaths = (
			);
			name = "[CP] Copy Pods Resources";
			outputPaths = (
			);
			runOnlyForDeploymentPostprocessing = 0;
			shellPath = /bin/sh;
			shellScript = "\"${SRCROOT}/Pods/Target Support Files/Pods-daagTests/Pods-daagTests-resources.sh\"\n";
			showEnvVarsInLog = 0;
		};
		F14184E960948CBDD8934126 /* [CP] Copy Pods Resources */ = {
			isa = PBXShellScriptBuildPhase;
			buildActionMask = 2147483647;
			files = (
			);
			inputPaths = (
			);
			name = "[CP] Copy Pods Resources";
			outputPaths = (
			);
			runOnlyForDeploymentPostprocessing = 0;
			shellPath = /bin/sh;
			shellScript = "\"${SRCROOT}/Pods/Target Support Files/Pods-daag/Pods-daag-resources.sh\"\n";
			showEnvVarsInLog = 0;
		};
/* End PBXShellScriptBuildPhase section */

/* Begin PBXSourcesBuildPhase section */
		DB7D52C01B88BD5F001816C2 /* Sources */ = {
			isa = PBXSourcesBuildPhase;
			buildActionMask = 2147483647;
			files = (
				DB2497C51BA087710090DBE7 /* CharacterUtil.swift in Sources */,
				DB61758B1B88BE4D005EC720 /* Menu.swift in Sources */,
				DB61758F1B88BE73005EC720 /* MenuCell.swift in Sources */,
				DB61758D1B88BE4D005EC720 /* MenuViewController.swift in Sources */,
				DB7D52C81B88BD5F001816C2 /* AppDelegate.swift in Sources */,
			);
			runOnlyForDeploymentPostprocessing = 0;
		};
		DB7D52D41B88BD5F001816C2 /* Sources */ = {
			isa = PBXSourcesBuildPhase;
			buildActionMask = 2147483647;
			files = (
				DB7D52DD1B88BD5F001816C2 /* daagTests.swift in Sources */,
			);
			runOnlyForDeploymentPostprocessing = 0;
		};
		DB7D52DF1B88BD5F001816C2 /* Sources */ = {
			isa = PBXSourcesBuildPhase;
			buildActionMask = 2147483647;
			files = (
				DB7D52E81B88BD5F001816C2 /* daagUITests.swift in Sources */,
			);
			runOnlyForDeploymentPostprocessing = 0;
		};
/* End PBXSourcesBuildPhase section */

/* Begin PBXTargetDependency section */
		DB7D52DA1B88BD5F001816C2 /* PBXTargetDependency */ = {
			isa = PBXTargetDependency;
			target = DB7D52C31B88BD5F001816C2 /* daag */;
			targetProxy = DB7D52D91B88BD5F001816C2 /* PBXContainerItemProxy */;
		};
		DB7D52E51B88BD5F001816C2 /* PBXTargetDependency */ = {
			isa = PBXTargetDependency;
			target = DB7D52C31B88BD5F001816C2 /* daag */;
			targetProxy = DB7D52E41B88BD5F001816C2 /* PBXContainerItemProxy */;
		};
/* End PBXTargetDependency section */

/* Begin XCBuildConfiguration section */
		DB7D52EA1B88BD5F001816C2 /* Debug */ = {
			isa = XCBuildConfiguration;
			buildSettings = {
				ALWAYS_SEARCH_USER_PATHS = NO;
				CLANG_CXX_LANGUAGE_STANDARD = "gnu++0x";
				CLANG_CXX_LIBRARY = "libc++";
				CLANG_ENABLE_MODULES = YES;
				CLANG_ENABLE_OBJC_ARC = YES;
				CLANG_WARN_BOOL_CONVERSION = YES;
				CLANG_WARN_CONSTANT_CONVERSION = YES;
				CLANG_WARN_DIRECT_OBJC_ISA_USAGE = YES_ERROR;
				CLANG_WARN_EMPTY_BODY = YES;
				CLANG_WARN_ENUM_CONVERSION = YES;
				CLANG_WARN_INT_CONVERSION = YES;
				CLANG_WARN_OBJC_ROOT_CLASS = YES_ERROR;
				CLANG_WARN_UNREACHABLE_CODE = YES;
				CLANG_WARN__DUPLICATE_METHOD_MATCH = YES;
				"CODE_SIGN_IDENTITY[sdk=iphoneos*]" = "iPhone Developer";
				COPY_PHASE_STRIP = NO;
				DEBUG_INFORMATION_FORMAT = dwarf;
				ENABLE_STRICT_OBJC_MSGSEND = YES;
				ENABLE_TESTABILITY = YES;
				GCC_C_LANGUAGE_STANDARD = gnu99;
				GCC_DYNAMIC_NO_PIC = NO;
				GCC_NO_COMMON_BLOCKS = YES;
				GCC_OPTIMIZATION_LEVEL = 0;
				GCC_PREPROCESSOR_DEFINITIONS = (
					"DEBUG=1",
					"$(inherited)",
				);
				GCC_WARN_64_TO_32_BIT_CONVERSION = YES;
				GCC_WARN_ABOUT_RETURN_TYPE = YES_ERROR;
				GCC_WARN_UNDECLARED_SELECTOR = YES;
				GCC_WARN_UNINITIALIZED_AUTOS = YES_AGGRESSIVE;
				GCC_WARN_UNUSED_FUNCTION = YES;
				GCC_WARN_UNUSED_VARIABLE = YES;
				IPHONEOS_DEPLOYMENT_TARGET = 9.0;
				MTL_ENABLE_DEBUG_INFO = YES;
				ONLY_ACTIVE_ARCH = YES;
				SDKROOT = iphoneos;
				SWIFT_OPTIMIZATION_LEVEL = "-Onone";
				TARGETED_DEVICE_FAMILY = "1,2";
			};
			name = Debug;
		};
		DB7D52EB1B88BD5F001816C2 /* Release */ = {
			isa = XCBuildConfiguration;
			buildSettings = {
				ALWAYS_SEARCH_USER_PATHS = NO;
				CLANG_CXX_LANGUAGE_STANDARD = "gnu++0x";
				CLANG_CXX_LIBRARY = "libc++";
				CLANG_ENABLE_MODULES = YES;
				CLANG_ENABLE_OBJC_ARC = YES;
				CLANG_WARN_BOOL_CONVERSION = YES;
				CLANG_WARN_CONSTANT_CONVERSION = YES;
				CLANG_WARN_DIRECT_OBJC_ISA_USAGE = YES_ERROR;
				CLANG_WARN_EMPTY_BODY = YES;
				CLANG_WARN_ENUM_CONVERSION = YES;
				CLANG_WARN_INT_CONVERSION = YES;
				CLANG_WARN_OBJC_ROOT_CLASS = YES_ERROR;
				CLANG_WARN_UNREACHABLE_CODE = YES;
				CLANG_WARN__DUPLICATE_METHOD_MATCH = YES;
				"CODE_SIGN_IDENTITY[sdk=iphoneos*]" = "iPhone Developer";
				COPY_PHASE_STRIP = NO;
				DEBUG_INFORMATION_FORMAT = "dwarf-with-dsym";
				ENABLE_NS_ASSERTIONS = NO;
				ENABLE_STRICT_OBJC_MSGSEND = YES;
				GCC_C_LANGUAGE_STANDARD = gnu99;
				GCC_NO_COMMON_BLOCKS = YES;
				GCC_WARN_64_TO_32_BIT_CONVERSION = YES;
				GCC_WARN_ABOUT_RETURN_TYPE = YES_ERROR;
				GCC_WARN_UNDECLARED_SELECTOR = YES;
				GCC_WARN_UNINITIALIZED_AUTOS = YES_AGGRESSIVE;
				GCC_WARN_UNUSED_FUNCTION = YES;
				GCC_WARN_UNUSED_VARIABLE = YES;
				IPHONEOS_DEPLOYMENT_TARGET = 9.0;
				MTL_ENABLE_DEBUG_INFO = NO;
				SDKROOT = iphoneos;
				TARGETED_DEVICE_FAMILY = "1,2";
				VALIDATE_PRODUCT = YES;
			};
			name = Release;
		};
		DB7D52ED1B88BD5F001816C2 /* Debug */ = {
			isa = XCBuildConfiguration;
			baseConfigurationReference = 8E79DFCE22F40353F1D85002 /* Pods-daag.debug.xcconfig */;
			buildSettings = {
				ASSETCATALOG_COMPILER_APPICON_NAME = AppIcon;
				CODE_SIGN_ENTITLEMENTS = daag/daag.entitlements;
				CODE_SIGN_IDENTITY = "iPhone Developer";
				"CODE_SIGN_IDENTITY[sdk=iphoneos*]" = "iPhone Developer";
				FRAMEWORK_SEARCH_PATHS = "$(inherited)";
				INFOPLIST_FILE = daag/Info.plist;
				IPHONEOS_DEPLOYMENT_TARGET = 9.0;
				LD_RUNPATH_SEARCH_PATHS = "$(inherited) @executable_path/Frameworks";
				OTHER_SWIFT_FLAGS = "$(inherited) \"-D\" \"COCOAPODS\" \"-DDEBUG\"";
				PRODUCT_BUNDLE_IDENTIFIER = io.myungkyo.daag;
				PRODUCT_NAME = "$(TARGET_NAME)";
				PROVISIONING_PROFILE = "";
				SWIFT_VERSION = 3.0;
				TARGETED_DEVICE_FAMILY = 1;
			};
			name = Debug;
		};
		DB7D52EE1B88BD5F001816C2 /* Release */ = {
			isa = XCBuildConfiguration;
			baseConfigurationReference = 15158424B4A820DF9634FB89 /* Pods-daag.release.xcconfig */;
			buildSettings = {
				ASSETCATALOG_COMPILER_APPICON_NAME = AppIcon;
				CODE_SIGN_ENTITLEMENTS = daag/daag.entitlements;
				CODE_SIGN_IDENTITY = "iPhone Developer";
				"CODE_SIGN_IDENTITY[sdk=iphoneos*]" = "iPhone Developer";
				FRAMEWORK_SEARCH_PATHS = "$(inherited)";
				INFOPLIST_FILE = daag/Info.plist;
				IPHONEOS_DEPLOYMENT_TARGET = 9.0;
				LD_RUNPATH_SEARCH_PATHS = "$(inherited) @executable_path/Frameworks";
				OTHER_SWIFT_FLAGS = "$(inherited) \"-D\" \"COCOAPODS\" \"-DRELEASE\"";
				PRODUCT_BUNDLE_IDENTIFIER = io.myungkyo.daag;
				PRODUCT_NAME = "$(TARGET_NAME)";
				PROVISIONING_PROFILE = "";
				SWIFT_VERSION = 3.0;
				TARGETED_DEVICE_FAMILY = 1;
			};
			name = Release;
		};
		DB7D52F01B88BD5F001816C2 /* Debug */ = {
			isa = XCBuildConfiguration;
			baseConfigurationReference = 3377DB9760523614C63B3846 /* Pods-daagTests.debug.xcconfig */;
			buildSettings = {
				BUNDLE_LOADER = "$(TEST_HOST)";
				INFOPLIST_FILE = daagTests/Info.plist;
				IPHONEOS_DEPLOYMENT_TARGET = 9.0;
				LD_RUNPATH_SEARCH_PATHS = "$(inherited) @executable_path/Frameworks @loader_path/Frameworks";
				PRODUCT_BUNDLE_IDENTIFIER = io.myungkyo.daagTests;
				PRODUCT_NAME = "$(TARGET_NAME)";
				SWIFT_VERSION = 3.0;
				TEST_HOST = "$(BUILT_PRODUCTS_DIR)/daag.app/daag";
			};
			name = Debug;
		};
		DB7D52F11B88BD5F001816C2 /* Release */ = {
			isa = XCBuildConfiguration;
			baseConfigurationReference = 64DAE99F2E43E1F5ECBDCAF6 /* Pods-daagTests.release.xcconfig */;
			buildSettings = {
				BUNDLE_LOADER = "$(TEST_HOST)";
				INFOPLIST_FILE = daagTests/Info.plist;
				IPHONEOS_DEPLOYMENT_TARGET = 9.0;
				LD_RUNPATH_SEARCH_PATHS = "$(inherited) @executable_path/Frameworks @loader_path/Frameworks";
				PRODUCT_BUNDLE_IDENTIFIER = io.myungkyo.daagTests;
				PRODUCT_NAME = "$(TARGET_NAME)";
				SWIFT_VERSION = 3.0;
				TEST_HOST = "$(BUILT_PRODUCTS_DIR)/daag.app/daag";
			};
			name = Release;
		};
		DB7D52F31B88BD5F001816C2 /* Debug */ = {
			isa = XCBuildConfiguration;
			baseConfigurationReference = 705A3A0757B7644AD6F5D05A /* Pods-daagUITests.debug.xcconfig */;
			buildSettings = {
				INFOPLIST_FILE = daagUITests/Info.plist;
				IPHONEOS_DEPLOYMENT_TARGET = 9.0;
				LD_RUNPATH_SEARCH_PATHS = "$(inherited) @executable_path/Frameworks @loader_path/Frameworks";
				PRODUCT_BUNDLE_IDENTIFIER = io.myungkyo.daagUITests;
				PRODUCT_NAME = "$(TARGET_NAME)";
				SWIFT_VERSION = 3.0;
				TEST_TARGET_NAME = daag;
				USES_XCTRUNNER = YES;
			};
			name = Debug;
		};
		DB7D52F41B88BD5F001816C2 /* Release */ = {
			isa = XCBuildConfiguration;
			baseConfigurationReference = 3553128002A9C375367A7012 /* Pods-daagUITests.release.xcconfig */;
			buildSettings = {
				INFOPLIST_FILE = daagUITests/Info.plist;
				IPHONEOS_DEPLOYMENT_TARGET = 9.0;
				LD_RUNPATH_SEARCH_PATHS = "$(inherited) @executable_path/Frameworks @loader_path/Frameworks";
				PRODUCT_BUNDLE_IDENTIFIER = io.myungkyo.daagUITests;
				PRODUCT_NAME = "$(TARGET_NAME)";
				SWIFT_VERSION = 3.0;
				TEST_TARGET_NAME = daag;
				USES_XCTRUNNER = YES;
			};
			name = Release;
		};
/* End XCBuildConfiguration section */

/* Begin XCConfigurationList section */
		DB7D52BF1B88BD5F001816C2 /* Build configuration list for PBXProject "daag" */ = {
			isa = XCConfigurationList;
			buildConfigurations = (
				DB7D52EA1B88BD5F001816C2 /* Debug */,
				DB7D52EB1B88BD5F001816C2 /* Release */,
			);
			defaultConfigurationIsVisible = 0;
			defaultConfigurationName = Release;
		};
		DB7D52EC1B88BD5F001816C2 /* Build configuration list for PBXNativeTarget "daag" */ = {
			isa = XCConfigurationList;
			buildConfigurations = (
				DB7D52ED1B88BD5F001816C2 /* Debug */,
				DB7D52EE1B88BD5F001816C2 /* Release */,
			);
			defaultConfigurationIsVisible = 0;
			defaultConfigurationName = Release;
		};
		DB7D52EF1B88BD5F001816C2 /* Build configuration list for PBXNativeTarget "daagTests" */ = {
			isa = XCConfigurationList;
			buildConfigurations = (
				DB7D52F01B88BD5F001816C2 /* Debug */,
				DB7D52F11B88BD5F001816C2 /* Release */,
			);
			defaultConfigurationIsVisible = 0;
			defaultConfigurationName = Release;
		};
		DB7D52F21B88BD5F001816C2 /* Build configuration list for PBXNativeTarget "daagUITests" */ = {
			isa = XCConfigurationList;
			buildConfigurations = (
				DB7D52F31B88BD5F001816C2 /* Debug */,
				DB7D52F41B88BD5F001816C2 /* Release */,
			);
			defaultConfigurationIsVisible = 0;
			defaultConfigurationName = Release;
		};
/* End XCConfigurationList section */
	};
	rootObject = DB7D52BC1B88BD5F001816C2 /* Project object */;
}
